// !$*UTF8*$!
{
	archiveVersion = 1;
	classes = {
	};
	objectVersion = 51;
	objects = {

/* Begin PBXBuildFile section */
		123889E82440335700960B9A /* CalendarAgendaViewController.swift in Sources */ = {isa = PBXBuildFile; fileRef = 123889E72440335700960B9A /* CalendarAgendaViewController.swift */; };
		123889EA2440F7CF00960B9A /* MyCalendarViewController.swift in Sources */ = {isa = PBXBuildFile; fileRef = 123889E92440F7CF00960B9A /* MyCalendarViewController.swift */; };
		123B921C2445004E00BFF2F3 /* TableTabBarController.swift in Sources */ = {isa = PBXBuildFile; fileRef = 123B921B2445004E00BFF2F3 /* TableTabBarController.swift */; };
		12EE687924240C8200207FC0 /* AgendaTableTableViewController.swift in Sources */ = {isa = PBXBuildFile; fileRef = 12EE687824240C8200207FC0 /* AgendaTableTableViewController.swift */; };
		12EE687B242417A400207FC0 /* Agenda.swift in Sources */ = {isa = PBXBuildFile; fileRef = 12EE687A242417A400207FC0 /* Agenda.swift */; };
		12EE687D2424182000207FC0 /* Session.swift in Sources */ = {isa = PBXBuildFile; fileRef = 12EE687C2424182000207FC0 /* Session.swift */; };
		12EE6883242456F900207FC0 /* SessionTableViewController.swift in Sources */ = {isa = PBXBuildFile; fileRef = 12EE6882242456F900207FC0 /* SessionTableViewController.swift */; };
		12EE68852424570C00207FC0 /* MyAgendaTableViewController.swift in Sources */ = {isa = PBXBuildFile; fileRef = 12EE68842424570C00207FC0 /* MyAgendaTableViewController.swift */; };
		12EE688B2424683E00207FC0 /* MyAgendaTableViewCell.swift in Sources */ = {isa = PBXBuildFile; fileRef = 12EE688A2424683E00207FC0 /* MyAgendaTableViewCell.swift */; };
		3F38A7B7241DF93E00FAEE4A /* AppDelegate.swift in Sources */ = {isa = PBXBuildFile; fileRef = 3F38A7B6241DF93E00FAEE4A /* AppDelegate.swift */; };
		3F38A7B9241DF93E00FAEE4A /* SceneDelegate.swift in Sources */ = {isa = PBXBuildFile; fileRef = 3F38A7B8241DF93E00FAEE4A /* SceneDelegate.swift */; };
		3F38A7BE241DF93E00FAEE4A /* Main.storyboard in Resources */ = {isa = PBXBuildFile; fileRef = 3F38A7BC241DF93E00FAEE4A /* Main.storyboard */; };
		3F38A7C1241DF93E00FAEE4A /* HFTP.xcdatamodeld in Sources */ = {isa = PBXBuildFile; fileRef = 3F38A7BF241DF93E00FAEE4A /* HFTP.xcdatamodeld */; };
		3F38A7C3241DF93F00FAEE4A /* Assets.xcassets in Resources */ = {isa = PBXBuildFile; fileRef = 3F38A7C2241DF93F00FAEE4A /* Assets.xcassets */; };
		3F38A7C6241DF93F00FAEE4A /* LaunchScreen.storyboard in Resources */ = {isa = PBXBuildFile; fileRef = 3F38A7C4241DF93F00FAEE4A /* LaunchScreen.storyboard */; };
		3F38A7D1241E9B8900FAEE4A /* MyCreditViewController.swift in Sources */ = {isa = PBXBuildFile; fileRef = 3F38A7D0241E9B8900FAEE4A /* MyCreditViewController.swift */; };
		3F38A7D5241E9BFB00FAEE4A /* HomeViewController.swift in Sources */ = {isa = PBXBuildFile; fileRef = 3F38A7D4241E9BFB00FAEE4A /* HomeViewController.swift */; };
		3F38A7D7241E9C7B00FAEE4A /* SideMenuTableViewController.swift in Sources */ = {isa = PBXBuildFile; fileRef = 3F38A7D6241E9C7B00FAEE4A /* SideMenuTableViewController.swift */; };
		3F38A7D9241F584300FAEE4A /* Extensions.swift in Sources */ = {isa = PBXBuildFile; fileRef = 3F38A7D8241F584300FAEE4A /* Extensions.swift */; };
		3F51FAEC242BD7EE005FFA0A /* PeopleTableViewCell.swift in Sources */ = {isa = PBXBuildFile; fileRef = 3F51FAEA242BD7EE005FFA0A /* PeopleTableViewCell.swift */; };
		3F51FAED242BD7EE005FFA0A /* PeopleTableViewCell.xib in Resources */ = {isa = PBXBuildFile; fileRef = 3F51FAEB242BD7EE005FFA0A /* PeopleTableViewCell.xib */; };
		3F51FAEF242BEB0E005FFA0A /* AttendeeInfoTableViewController.swift in Sources */ = {isa = PBXBuildFile; fileRef = 3F51FAEE242BEB0E005FFA0A /* AttendeeInfoTableViewController.swift */; };
		3F51FB4B242C5EB7005FFA0A /* SessionInfoTableViewController.swift in Sources */ = {isa = PBXBuildFile; fileRef = 3F51FB4A242C5EB7005FFA0A /* SessionInfoTableViewController.swift */; };
		3F51FB4D242C61A8005FFA0A /* CustomUIView.swift in Sources */ = {isa = PBXBuildFile; fileRef = 3F51FB4C242C61A8005FFA0A /* CustomUIView.swift */; };
		3F51FB4F242C61C6005FFA0A /* CustomButton.swift in Sources */ = {isa = PBXBuildFile; fileRef = 3F51FB4E242C61C6005FFA0A /* CustomButton.swift */; };
		3F6632522429E30D00BF8F0F /* SessionInfoCollectionViewCell.swift in Sources */ = {isa = PBXBuildFile; fileRef = 3F6632502429E30D00BF8F0F /* SessionInfoCollectionViewCell.swift */; };
		3F6632532429E30D00BF8F0F /* SessionInfoCollectionViewCell.xib in Resources */ = {isa = PBXBuildFile; fileRef = 3F6632512429E30D00BF8F0F /* SessionInfoCollectionViewCell.xib */; };
		3F663255242A76A000BF8F0F /* RoundBorderImageView.swift in Sources */ = {isa = PBXBuildFile; fileRef = 3F663254242A76A000BF8F0F /* RoundBorderImageView.swift */; };
		3F6CD667243E4F3D0020C0A9 /* CalendarStyleGenerator.swift in Sources */ = {isa = PBXBuildFile; fileRef = 3F6CD666243E4F3D0020C0A9 /* CalendarStyleGenerator.swift */; };
		3F6CD66924403B000020C0A9 /* IntroductionViewController.swift in Sources */ = {isa = PBXBuildFile; fileRef = 3F6CD66824403B000020C0A9 /* IntroductionViewController.swift */; };
		3F793E0C242C6AD20005CBF1 /* SpeakerInfoCollectionViewCell.swift in Sources */ = {isa = PBXBuildFile; fileRef = 3F793E0B242C6AD20005CBF1 /* SpeakerInfoCollectionViewCell.swift */; };
		3F9D13A3242BDE94002D2B76 /* People.swift in Sources */ = {isa = PBXBuildFile; fileRef = 3F9D13A2242BDE94002D2B76 /* People.swift */; };
		3F9D13A9242FD66F002D2B76 /* HelperFunctions.swift in Sources */ = {isa = PBXBuildFile; fileRef = 3F9D13A8242FD66F002D2B76 /* HelperFunctions.swift */; };
		3F9D13AD243FCA8A002D2B76 /* LoginViewController.swift in Sources */ = {isa = PBXBuildFile; fileRef = 3F9D13AC243FCA8A002D2B76 /* LoginViewController.swift */; };
		3F9E1CC32422EFD200C7B6BE /* SettingsPhoneViewController.swift in Sources */ = {isa = PBXBuildFile; fileRef = 3F9E1CC22422EFD200C7B6BE /* SettingsPhoneViewController.swift */; };
		3F9E1CC624240C8200C7B6BE /* CreditTableViewCell.swift in Sources */ = {isa = PBXBuildFile; fileRef = 3F9E1CC424240C8200C7B6BE /* CreditTableViewCell.swift */; };
		3F9E1CC724240C8200C7B6BE /* CreditTableViewCell.xib in Resources */ = {isa = PBXBuildFile; fileRef = 3F9E1CC524240C8200C7B6BE /* CreditTableViewCell.xib */; };
		3F9E1CCD242420FB00C7B6BE /* PaddingLabel.swift in Sources */ = {isa = PBXBuildFile; fileRef = 3F9E1CCC242420FB00C7B6BE /* PaddingLabel.swift */; };
		3FB7FFBF242DDBF800F7AE2F /* SessionAttendeeTableViewController.swift in Sources */ = {isa = PBXBuildFile; fileRef = 3FB7FFBE242DDBF800F7AE2F /* SessionAttendeeTableViewController.swift */; };
		3FBAF0A7242DEF6F00465272 /* AgendaTableViewCell.swift in Sources */ = {isa = PBXBuildFile; fileRef = 3FBAF0A5242DEF6F00465272 /* AgendaTableViewCell.swift */; };
		3FBAF0A8242DEF6F00465272 /* AgendaTableViewCell.xib in Resources */ = {isa = PBXBuildFile; fileRef = 3FBAF0A6242DEF6F00465272 /* AgendaTableViewCell.xib */; };
		3FBAF0AB242DF42F00465272 /* SessionTableViewCell.swift in Sources */ = {isa = PBXBuildFile; fileRef = 3FBAF0A9242DF42F00465272 /* SessionTableViewCell.swift */; };
		3FBAF0AC242DF42F00465272 /* SessionTableViewCell.xib in Resources */ = {isa = PBXBuildFile; fileRef = 3FBAF0AA242DF42F00465272 /* SessionTableViewCell.xib */; };
		3FC2CDFD2421693E00E7CBCB /* PeopleTableViewController.swift in Sources */ = {isa = PBXBuildFile; fileRef = 3FC2CDFC2421693E00E7CBCB /* PeopleTableViewController.swift */; };
		3FC2CE0424216A4D00E7CBCB /* DataInitializer.swift in Sources */ = {isa = PBXBuildFile; fileRef = 3FC2CE0324216A4D00E7CBCB /* DataInitializer.swift */; };
		3FC2CE0624216A9F00E7CBCB /* Speaker.swift in Sources */ = {isa = PBXBuildFile; fileRef = 3FC2CE0524216A9F00E7CBCB /* Speaker.swift */; };
		3FC2CE0824216AAC00E7CBCB /* Attendee.swift in Sources */ = {isa = PBXBuildFile; fileRef = 3FC2CE0724216AAC00E7CBCB /* Attendee.swift */; };
		3FC2CE0A24216EFD00E7CBCB /* Constants.swift in Sources */ = {isa = PBXBuildFile; fileRef = 3FC2CE0924216EFD00E7CBCB /* Constants.swift */; };
		3FC2CE1224229F3300E7CBCB /* SpeakerInfoViewController.swift in Sources */ = {isa = PBXBuildFile; fileRef = 3FC2CE1124229F3300E7CBCB /* SpeakerInfoViewController.swift */; };
		3FCD574A24205F5B00BD0963 /* SettingsTableViewController.swift in Sources */ = {isa = PBXBuildFile; fileRef = 3FCD574924205F5B00BD0963 /* SettingsTableViewController.swift */; };
		3FCD57552420A39000BD0963 /* SettingsEditViewController.swift in Sources */ = {isa = PBXBuildFile; fileRef = 3FCD57542420A39000BD0963 /* SettingsEditViewController.swift */; };
		BA1E7BFF24343D2F0045016C /* UpdateData.swift in Sources */ = {isa = PBXBuildFile; fileRef = BA1E7BFE24343D2F0045016C /* UpdateData.swift */; };
		BA1E7C03243683FB0045016C /* GoogleService-Info.plist in Resources */ = {isa = PBXBuildFile; fileRef = BA1E7C02243683FB0045016C /* GoogleService-Info.plist */; };
		BA9B101F2443BB90005D4ECB /* ImagePickerController.swift in Sources */ = {isa = PBXBuildFile; fileRef = BA9B101E2443BB90005D4ECB /* ImagePickerController.swift */; };
		BAA70EC9242DADA000B4B969 /* SpinnerViewController.swift in Sources */ = {isa = PBXBuildFile; fileRef = BAA70EC8242DADA000B4B969 /* SpinnerViewController.swift */; };
		BAE4F11824252E1900607904 /* FetchData.swift in Sources */ = {isa = PBXBuildFile; fileRef = BAE4F11724252E1900607904 /* FetchData.swift */; };
		DF58F5F06F662859BEB8995F /* Pods_HFTP.framework in Frameworks */ = {isa = PBXBuildFile; fileRef = 6B09846514CC09D9421FE961 /* Pods_HFTP.framework */; };
/* End PBXBuildFile section */

/* Begin PBXFileReference section */
		123889E72440335700960B9A /* CalendarAgendaViewController.swift */ = {isa = PBXFileReference; lastKnownFileType = sourcecode.swift; path = CalendarAgendaViewController.swift; sourceTree = "<group>"; };
		123889E92440F7CF00960B9A /* MyCalendarViewController.swift */ = {isa = PBXFileReference; lastKnownFileType = sourcecode.swift; path = MyCalendarViewController.swift; sourceTree = "<group>"; };
		123B921B2445004E00BFF2F3 /* TableTabBarController.swift */ = {isa = PBXFileReference; lastKnownFileType = sourcecode.swift; path = TableTabBarController.swift; sourceTree = "<group>"; };
		12EE687824240C8200207FC0 /* AgendaTableTableViewController.swift */ = {isa = PBXFileReference; lastKnownFileType = sourcecode.swift; path = AgendaTableTableViewController.swift; sourceTree = "<group>"; };
		12EE687A242417A400207FC0 /* Agenda.swift */ = {isa = PBXFileReference; lastKnownFileType = sourcecode.swift; path = Agenda.swift; sourceTree = "<group>"; };
		12EE687C2424182000207FC0 /* Session.swift */ = {isa = PBXFileReference; lastKnownFileType = sourcecode.swift; path = Session.swift; sourceTree = "<group>"; };
		12EE6882242456F900207FC0 /* SessionTableViewController.swift */ = {isa = PBXFileReference; lastKnownFileType = sourcecode.swift; path = SessionTableViewController.swift; sourceTree = "<group>"; };
		12EE68842424570C00207FC0 /* MyAgendaTableViewController.swift */ = {isa = PBXFileReference; lastKnownFileType = sourcecode.swift; path = MyAgendaTableViewController.swift; sourceTree = "<group>"; };
		12EE688A2424683E00207FC0 /* MyAgendaTableViewCell.swift */ = {isa = PBXFileReference; lastKnownFileType = sourcecode.swift; path = MyAgendaTableViewCell.swift; sourceTree = "<group>"; };
		3F38A7B3241DF93E00FAEE4A /* HFTP.app */ = {isa = PBXFileReference; explicitFileType = wrapper.application; includeInIndex = 0; path = HFTP.app; sourceTree = BUILT_PRODUCTS_DIR; };
		3F38A7B6241DF93E00FAEE4A /* AppDelegate.swift */ = {isa = PBXFileReference; lastKnownFileType = sourcecode.swift; path = AppDelegate.swift; sourceTree = "<group>"; };
		3F38A7B8241DF93E00FAEE4A /* SceneDelegate.swift */ = {isa = PBXFileReference; lastKnownFileType = sourcecode.swift; path = SceneDelegate.swift; sourceTree = "<group>"; };
		3F38A7BD241DF93E00FAEE4A /* Base */ = {isa = PBXFileReference; lastKnownFileType = file.storyboard; name = Base; path = Base.lproj/Main.storyboard; sourceTree = "<group>"; };
		3F38A7C0241DF93E00FAEE4A /* HFTP.xcdatamodel */ = {isa = PBXFileReference; lastKnownFileType = wrapper.xcdatamodel; path = HFTP.xcdatamodel; sourceTree = "<group>"; };
		3F38A7C2241DF93F00FAEE4A /* Assets.xcassets */ = {isa = PBXFileReference; lastKnownFileType = folder.assetcatalog; path = Assets.xcassets; sourceTree = "<group>"; };
		3F38A7C5241DF93F00FAEE4A /* Base */ = {isa = PBXFileReference; lastKnownFileType = file.storyboard; name = Base; path = Base.lproj/LaunchScreen.storyboard; sourceTree = "<group>"; };
		3F38A7C7241DF93F00FAEE4A /* Info.plist */ = {isa = PBXFileReference; lastKnownFileType = text.plist.xml; path = Info.plist; sourceTree = "<group>"; };
		3F38A7D0241E9B8900FAEE4A /* MyCreditViewController.swift */ = {isa = PBXFileReference; lastKnownFileType = sourcecode.swift; path = MyCreditViewController.swift; sourceTree = "<group>"; };
		3F38A7D4241E9BFB00FAEE4A /* HomeViewController.swift */ = {isa = PBXFileReference; lastKnownFileType = sourcecode.swift; path = HomeViewController.swift; sourceTree = "<group>"; };
		3F38A7D6241E9C7B00FAEE4A /* SideMenuTableViewController.swift */ = {isa = PBXFileReference; lastKnownFileType = sourcecode.swift; path = SideMenuTableViewController.swift; sourceTree = "<group>"; };
		3F38A7D8241F584300FAEE4A /* Extensions.swift */ = {isa = PBXFileReference; lastKnownFileType = sourcecode.swift; path = Extensions.swift; sourceTree = "<group>"; };
		3F51FAEA242BD7EE005FFA0A /* PeopleTableViewCell.swift */ = {isa = PBXFileReference; lastKnownFileType = sourcecode.swift; path = PeopleTableViewCell.swift; sourceTree = "<group>"; };
		3F51FAEB242BD7EE005FFA0A /* PeopleTableViewCell.xib */ = {isa = PBXFileReference; lastKnownFileType = file.xib; path = PeopleTableViewCell.xib; sourceTree = "<group>"; };
		3F51FAEE242BEB0E005FFA0A /* AttendeeInfoTableViewController.swift */ = {isa = PBXFileReference; lastKnownFileType = sourcecode.swift; path = AttendeeInfoTableViewController.swift; sourceTree = "<group>"; };
		3F51FB4A242C5EB7005FFA0A /* SessionInfoTableViewController.swift */ = {isa = PBXFileReference; lastKnownFileType = sourcecode.swift; path = SessionInfoTableViewController.swift; sourceTree = "<group>"; };
		3F51FB4C242C61A8005FFA0A /* CustomUIView.swift */ = {isa = PBXFileReference; lastKnownFileType = sourcecode.swift; path = CustomUIView.swift; sourceTree = "<group>"; };
		3F51FB4E242C61C6005FFA0A /* CustomButton.swift */ = {isa = PBXFileReference; lastKnownFileType = sourcecode.swift; path = CustomButton.swift; sourceTree = "<group>"; };
		3F6632502429E30D00BF8F0F /* SessionInfoCollectionViewCell.swift */ = {isa = PBXFileReference; lastKnownFileType = sourcecode.swift; path = SessionInfoCollectionViewCell.swift; sourceTree = "<group>"; };
		3F6632512429E30D00BF8F0F /* SessionInfoCollectionViewCell.xib */ = {isa = PBXFileReference; lastKnownFileType = file.xib; path = SessionInfoCollectionViewCell.xib; sourceTree = "<group>"; };
		3F663254242A76A000BF8F0F /* RoundBorderImageView.swift */ = {isa = PBXFileReference; lastKnownFileType = sourcecode.swift; path = RoundBorderImageView.swift; sourceTree = "<group>"; };
		3F6CD666243E4F3D0020C0A9 /* CalendarStyleGenerator.swift */ = {isa = PBXFileReference; lastKnownFileType = sourcecode.swift; path = CalendarStyleGenerator.swift; sourceTree = "<group>"; };
		3F6CD66824403B000020C0A9 /* IntroductionViewController.swift */ = {isa = PBXFileReference; lastKnownFileType = sourcecode.swift; path = IntroductionViewController.swift; sourceTree = "<group>"; };
		3F793E0B242C6AD20005CBF1 /* SpeakerInfoCollectionViewCell.swift */ = {isa = PBXFileReference; fileEncoding = 4; lastKnownFileType = sourcecode.swift; path = SpeakerInfoCollectionViewCell.swift; sourceTree = "<group>"; };
		3F9D13A2242BDE94002D2B76 /* People.swift */ = {isa = PBXFileReference; lastKnownFileType = sourcecode.swift; path = People.swift; sourceTree = "<group>"; };
		3F9D13A8242FD66F002D2B76 /* HelperFunctions.swift */ = {isa = PBXFileReference; lastKnownFileType = sourcecode.swift; path = HelperFunctions.swift; sourceTree = "<group>"; };
		3F9D13AC243FCA8A002D2B76 /* LoginViewController.swift */ = {isa = PBXFileReference; lastKnownFileType = sourcecode.swift; path = LoginViewController.swift; sourceTree = "<group>"; };
		3F9E1CC22422EFD200C7B6BE /* SettingsPhoneViewController.swift */ = {isa = PBXFileReference; lastKnownFileType = sourcecode.swift; path = SettingsPhoneViewController.swift; sourceTree = "<group>"; };
		3F9E1CC424240C8200C7B6BE /* CreditTableViewCell.swift */ = {isa = PBXFileReference; lastKnownFileType = sourcecode.swift; path = CreditTableViewCell.swift; sourceTree = "<group>"; };
		3F9E1CC524240C8200C7B6BE /* CreditTableViewCell.xib */ = {isa = PBXFileReference; lastKnownFileType = file.xib; path = CreditTableViewCell.xib; sourceTree = "<group>"; };
		3F9E1CCC242420FB00C7B6BE /* PaddingLabel.swift */ = {isa = PBXFileReference; lastKnownFileType = sourcecode.swift; path = PaddingLabel.swift; sourceTree = "<group>"; };
		3FB7FFBE242DDBF800F7AE2F /* SessionAttendeeTableViewController.swift */ = {isa = PBXFileReference; lastKnownFileType = sourcecode.swift; path = SessionAttendeeTableViewController.swift; sourceTree = "<group>"; };
		3FBAF0A5242DEF6F00465272 /* AgendaTableViewCell.swift */ = {isa = PBXFileReference; lastKnownFileType = sourcecode.swift; path = AgendaTableViewCell.swift; sourceTree = "<group>"; };
		3FBAF0A6242DEF6F00465272 /* AgendaTableViewCell.xib */ = {isa = PBXFileReference; lastKnownFileType = file.xib; path = AgendaTableViewCell.xib; sourceTree = "<group>"; };
		3FBAF0A9242DF42F00465272 /* SessionTableViewCell.swift */ = {isa = PBXFileReference; lastKnownFileType = sourcecode.swift; path = SessionTableViewCell.swift; sourceTree = "<group>"; };
		3FBAF0AA242DF42F00465272 /* SessionTableViewCell.xib */ = {isa = PBXFileReference; lastKnownFileType = file.xib; path = SessionTableViewCell.xib; sourceTree = "<group>"; };
		3FC2CDFC2421693E00E7CBCB /* PeopleTableViewController.swift */ = {isa = PBXFileReference; lastKnownFileType = sourcecode.swift; path = PeopleTableViewController.swift; sourceTree = "<group>"; };
		3FC2CE0324216A4D00E7CBCB /* DataInitializer.swift */ = {isa = PBXFileReference; lastKnownFileType = sourcecode.swift; path = DataInitializer.swift; sourceTree = "<group>"; };
		3FC2CE0524216A9F00E7CBCB /* Speaker.swift */ = {isa = PBXFileReference; lastKnownFileType = sourcecode.swift; path = Speaker.swift; sourceTree = "<group>"; };
		3FC2CE0724216AAC00E7CBCB /* Attendee.swift */ = {isa = PBXFileReference; lastKnownFileType = sourcecode.swift; path = Attendee.swift; sourceTree = "<group>"; };
		3FC2CE0924216EFD00E7CBCB /* Constants.swift */ = {isa = PBXFileReference; lastKnownFileType = sourcecode.swift; path = Constants.swift; sourceTree = "<group>"; };
		3FC2CE1124229F3300E7CBCB /* SpeakerInfoViewController.swift */ = {isa = PBXFileReference; lastKnownFileType = sourcecode.swift; path = SpeakerInfoViewController.swift; sourceTree = "<group>"; };
		3FCD574924205F5B00BD0963 /* SettingsTableViewController.swift */ = {isa = PBXFileReference; lastKnownFileType = sourcecode.swift; path = SettingsTableViewController.swift; sourceTree = "<group>"; };
		3FCD57542420A39000BD0963 /* SettingsEditViewController.swift */ = {isa = PBXFileReference; lastKnownFileType = sourcecode.swift; path = SettingsEditViewController.swift; sourceTree = "<group>"; };
		56D6A80CE8DC070912D808FD /* Pods-HFTP.release.xcconfig */ = {isa = PBXFileReference; includeInIndex = 1; lastKnownFileType = text.xcconfig; name = "Pods-HFTP.release.xcconfig"; path = "Target Support Files/Pods-HFTP/Pods-HFTP.release.xcconfig"; sourceTree = "<group>"; };
		6B09846514CC09D9421FE961 /* Pods_HFTP.framework */ = {isa = PBXFileReference; explicitFileType = wrapper.framework; includeInIndex = 0; path = Pods_HFTP.framework; sourceTree = BUILT_PRODUCTS_DIR; };
		BA1E7BFE24343D2F0045016C /* UpdateData.swift */ = {isa = PBXFileReference; lastKnownFileType = sourcecode.swift; path = UpdateData.swift; sourceTree = "<group>"; };
		BA1E7C02243683FB0045016C /* GoogleService-Info.plist */ = {isa = PBXFileReference; fileEncoding = 4; lastKnownFileType = text.plist.xml; path = "GoogleService-Info.plist"; sourceTree = "<group>"; };
		BA9B101E2443BB90005D4ECB /* ImagePickerController.swift */ = {isa = PBXFileReference; lastKnownFileType = sourcecode.swift; path = ImagePickerController.swift; sourceTree = "<group>"; };
		BAA70EC8242DADA000B4B969 /* SpinnerViewController.swift */ = {isa = PBXFileReference; lastKnownFileType = sourcecode.swift; path = SpinnerViewController.swift; sourceTree = "<group>"; };
		BAE4F11724252E1900607904 /* FetchData.swift */ = {isa = PBXFileReference; lastKnownFileType = sourcecode.swift; path = FetchData.swift; sourceTree = "<group>"; };
		FD9DC3FA65C5BFE39515ED3D /* Pods-HFTP.debug.xcconfig */ = {isa = PBXFileReference; includeInIndex = 1; lastKnownFileType = text.xcconfig; name = "Pods-HFTP.debug.xcconfig"; path = "Target Support Files/Pods-HFTP/Pods-HFTP.debug.xcconfig"; sourceTree = "<group>"; };
/* End PBXFileReference section */

/* Begin PBXFrameworksBuildPhase section */
		3F38A7B0241DF93E00FAEE4A /* Frameworks */ = {
			isa = PBXFrameworksBuildPhase;
			buildActionMask = 2147483647;
			files = (
				DF58F5F06F662859BEB8995F /* Pods_HFTP.framework in Frameworks */,
			);
			runOnlyForDeploymentPostprocessing = 0;
		};
/* End PBXFrameworksBuildPhase section */

/* Begin PBXGroup section */
		12F1A96D24402E9C00071052 /* Agenda */ = {
			isa = PBXGroup;
			children = (
				12EE687824240C8200207FC0 /* AgendaTableTableViewController.swift */,
				123B921B2445004E00BFF2F3 /* TableTabBarController.swift */,
				12EE6882242456F900207FC0 /* SessionTableViewController.swift */,
				12EE68842424570C00207FC0 /* MyAgendaTableViewController.swift */,
				123889E72440335700960B9A /* CalendarAgendaViewController.swift */,
				123889E92440F7CF00960B9A /* MyCalendarViewController.swift */,
				3F51FB4A242C5EB7005FFA0A /* SessionInfoTableViewController.swift */,
				3FB7FFBE242DDBF800F7AE2F /* SessionAttendeeTableViewController.swift */,
			);
			path = Agenda;
			sourceTree = "<group>";
		};
		3F2AAF15242BD889000720D6 /* SpeakerAndAttendee */ = {
			isa = PBXGroup;
			children = (
				3FC2CDFC2421693E00E7CBCB /* PeopleTableViewController.swift */,
				3FC2CE1124229F3300E7CBCB /* SpeakerInfoViewController.swift */,
				3F51FAEE242BEB0E005FFA0A /* AttendeeInfoTableViewController.swift */,
			);
			path = SpeakerAndAttendee;
			sourceTree = "<group>";
		};
		3F38A7AA241DF93E00FAEE4A = {
			isa = PBXGroup;
			children = (
				BA1E7C02243683FB0045016C /* GoogleService-Info.plist */,
				3F38A7B5241DF93E00FAEE4A /* HFTP */,
				BAE4F11624252DED00607904 /* FirebaseAPI */,
				3F38A7B4241DF93E00FAEE4A /* Products */,
				B3F14B8BB151A948F2B62BDA /* Pods */,
				937A5E5774049DEE5B366D40 /* Frameworks */,
			);
			sourceTree = "<group>";
		};
		3F38A7B4241DF93E00FAEE4A /* Products */ = {
			isa = PBXGroup;
			children = (
				3F38A7B3241DF93E00FAEE4A /* HFTP.app */,
			);
			name = Products;
			sourceTree = "<group>";
		};
		3F38A7B5241DF93E00FAEE4A /* HFTP */ = {
			isa = PBXGroup;
			children = (
				3F38A7B6241DF93E00FAEE4A /* AppDelegate.swift */,
				3F38A7B8241DF93E00FAEE4A /* SceneDelegate.swift */,
				3F38A7BC241DF93E00FAEE4A /* Main.storyboard */,
				3F38A7D8241F584300FAEE4A /* Extensions.swift */,
				3FC2CE0924216EFD00E7CBCB /* Constants.swift */,
				3F9D13A8242FD66F002D2B76 /* HelperFunctions.swift */,
				3FC2CE0224216A2600E7CBCB /* Models */,
				3F38A7CF241E9B6700FAEE4A /* Controllers */,
				3FCD574D2420719500BD0963 /* Views */,
				3F38A7C2241DF93F00FAEE4A /* Assets.xcassets */,
				3F38A7C4241DF93F00FAEE4A /* LaunchScreen.storyboard */,
				3F38A7C7241DF93F00FAEE4A /* Info.plist */,
				3F38A7BF241DF93E00FAEE4A /* HFTP.xcdatamodeld */,
			);
			path = HFTP;
			sourceTree = "<group>";
		};
		3F38A7CF241E9B6700FAEE4A /* Controllers */ = {
			isa = PBXGroup;
			children = (
				3F5259DF244EB6040090ABAF /* Home */,
				3F5259DD244EB21A0090ABAF /* Introduction */,
				3F2AAF15242BD889000720D6 /* SpeakerAndAttendee */,
				3F9D13AE243FCEAF002D2B76 /* SideMenu */,
				12F1A96D24402E9C00071052 /* Agenda */,
			);
			path = Controllers;
			sourceTree = "<group>";
		};
		3F5259DD244EB21A0090ABAF /* Introduction */ = {
			isa = PBXGroup;
			children = (
				3F6CD66824403B000020C0A9 /* IntroductionViewController.swift */,
			);
			path = Introduction;
			sourceTree = "<group>";
		};
		3F5259DE244EB2C00090ABAF /* CalendarStyle */ = {
			isa = PBXGroup;
			children = (
				3F6CD666243E4F3D0020C0A9 /* CalendarStyleGenerator.swift */,
			);
			path = CalendarStyle;
			sourceTree = "<group>";
		};
		3F5259DF244EB6040090ABAF /* Home */ = {
			isa = PBXGroup;
			children = (
				3F38A7D4241E9BFB00FAEE4A /* HomeViewController.swift */,
				BAA70EC8242DADA000B4B969 /* SpinnerViewController.swift */,
			);
			path = Home;
			sourceTree = "<group>";
		};
		3F9D13AE243FCEAF002D2B76 /* SideMenu */ = {
			isa = PBXGroup;
			children = (
				3F9D13AC243FCA8A002D2B76 /* LoginViewController.swift */,
				3F38A7D6241E9C7B00FAEE4A /* SideMenuTableViewController.swift */,
				3FCD574924205F5B00BD0963 /* SettingsTableViewController.swift */,
				3FCD57542420A39000BD0963 /* SettingsEditViewController.swift */,
				3F9E1CC22422EFD200C7B6BE /* SettingsPhoneViewController.swift */,
				3F38A7D0241E9B8900FAEE4A /* MyCreditViewController.swift */,
				BA9B101E2443BB90005D4ECB /* ImagePickerController.swift */,
			);
			path = SideMenu;
			sourceTree = "<group>";
		};
		3FB7FFBB242DD6FA00F7AE2F /* CustomUIOject */ = {
			isa = PBXGroup;
			children = (
				3F51FB4C242C61A8005FFA0A /* CustomUIView.swift */,
				3F51FB4E242C61C6005FFA0A /* CustomButton.swift */,
				3F9E1CCC242420FB00C7B6BE /* PaddingLabel.swift */,
				3F663254242A76A000BF8F0F /* RoundBorderImageView.swift */,
			);
			path = CustomUIOject;
			sourceTree = "<group>";
		};
		3FB7FFBC242DD73500F7AE2F /* CustomCollectionViewCell */ = {
			isa = PBXGroup;
			children = (
				3F6632502429E30D00BF8F0F /* SessionInfoCollectionViewCell.swift */,
				3F6632512429E30D00BF8F0F /* SessionInfoCollectionViewCell.xib */,
				3F793E0B242C6AD20005CBF1 /* SpeakerInfoCollectionViewCell.swift */,
			);
			path = CustomCollectionViewCell;
			sourceTree = "<group>";
		};
		3FB7FFBD242DD76100F7AE2F /* CustomTableViewCell */ = {
			isa = PBXGroup;
			children = (
				12EE688A2424683E00207FC0 /* MyAgendaTableViewCell.swift */,
				3F9E1CC424240C8200C7B6BE /* CreditTableViewCell.swift */,
				3F9E1CC524240C8200C7B6BE /* CreditTableViewCell.xib */,
				3F51FAEA242BD7EE005FFA0A /* PeopleTableViewCell.swift */,
				3F51FAEB242BD7EE005FFA0A /* PeopleTableViewCell.xib */,
				3FBAF0A5242DEF6F00465272 /* AgendaTableViewCell.swift */,
				3FBAF0A6242DEF6F00465272 /* AgendaTableViewCell.xib */,
				3FBAF0A9242DF42F00465272 /* SessionTableViewCell.swift */,
				3FBAF0AA242DF42F00465272 /* SessionTableViewCell.xib */,
			);
			path = CustomTableViewCell;
			sourceTree = "<group>";
		};
		3FC2CE0224216A2600E7CBCB /* Models */ = {
			isa = PBXGroup;
			children = (
				3FC2CE0324216A4D00E7CBCB /* DataInitializer.swift */,
				3F9D13A2242BDE94002D2B76 /* People.swift */,
				3FC2CE0524216A9F00E7CBCB /* Speaker.swift */,
				3FC2CE0724216AAC00E7CBCB /* Attendee.swift */,
				12EE687A242417A400207FC0 /* Agenda.swift */,
				12EE687C2424182000207FC0 /* Session.swift */,
			);
			path = Models;
			sourceTree = "<group>";
		};
		3FCD574D2420719500BD0963 /* Views */ = {
			isa = PBXGroup;
			children = (
				3F5259DE244EB2C00090ABAF /* CalendarStyle */,
				3FB7FFBD242DD76100F7AE2F /* CustomTableViewCell */,
				3FB7FFBC242DD73500F7AE2F /* CustomCollectionViewCell */,
				3FB7FFBB242DD6FA00F7AE2F /* CustomUIOject */,
			);
			path = Views;
			sourceTree = "<group>";
		};
		937A5E5774049DEE5B366D40 /* Frameworks */ = {
			isa = PBXGroup;
			children = (
				6B09846514CC09D9421FE961 /* Pods_HFTP.framework */,
			);
			name = Frameworks;
			sourceTree = "<group>";
		};
		B3F14B8BB151A948F2B62BDA /* Pods */ = {
			isa = PBXGroup;
			children = (
				FD9DC3FA65C5BFE39515ED3D /* Pods-HFTP.debug.xcconfig */,
				56D6A80CE8DC070912D808FD /* Pods-HFTP.release.xcconfig */,
			);
			path = Pods;
			sourceTree = "<group>";
		};
		BAE4F11624252DED00607904 /* FirebaseAPI */ = {
			isa = PBXGroup;
			children = (
				BAE4F11724252E1900607904 /* FetchData.swift */,
				BA1E7BFE24343D2F0045016C /* UpdateData.swift */,
			);
			path = FirebaseAPI;
			sourceTree = "<group>";
		};
/* End PBXGroup section */

/* Begin PBXNativeTarget section */
		3F38A7B2241DF93E00FAEE4A /* HFTP */ = {
			isa = PBXNativeTarget;
			buildConfigurationList = 3F38A7CA241DF93F00FAEE4A /* Build configuration list for PBXNativeTarget "HFTP" */;
			buildPhases = (
				812DED37F68F2704A518ABE5 /* [CP] Check Pods Manifest.lock */,
				3F38A7AF241DF93E00FAEE4A /* Sources */,
				3F38A7B0241DF93E00FAEE4A /* Frameworks */,
				3F38A7B1241DF93E00FAEE4A /* Resources */,
				8B8D24B83C0F5A1EC3041DDD /* [CP] Embed Pods Frameworks */,
			);
			buildRules = (
			);
			dependencies = (
			);
			name = HFTP;
			productName = HFTP;
			productReference = 3F38A7B3241DF93E00FAEE4A /* HFTP.app */;
			productType = "com.apple.product-type.application";
		};
/* End PBXNativeTarget section */

/* Begin PBXProject section */
		3F38A7AB241DF93E00FAEE4A /* Project object */ = {
			isa = PBXProject;
			attributes = {
				LastSwiftUpdateCheck = 1140;
				LastUpgradeCheck = 1130;
				ORGANIZATIONNAME = "Nan Ni";
				TargetAttributes = {
					3F38A7B2241DF93E00FAEE4A = {
						CreatedOnToolsVersion = 11.3.1;
					};
				};
			};
			buildConfigurationList = 3F38A7AE241DF93E00FAEE4A /* Build configuration list for PBXProject "HFTP" */;
			compatibilityVersion = "Xcode 9.3";
			developmentRegion = en;
			hasScannedForEncodings = 0;
			knownRegions = (
				en,
				Base,
			);
			mainGroup = 3F38A7AA241DF93E00FAEE4A;
			productRefGroup = 3F38A7B4241DF93E00FAEE4A /* Products */;
			projectDirPath = "";
			projectRoot = "";
			targets = (
				3F38A7B2241DF93E00FAEE4A /* HFTP */,
			);
		};
/* End PBXProject section */

/* Begin PBXResourcesBuildPhase section */
		3F38A7B1241DF93E00FAEE4A /* Resources */ = {
			isa = PBXResourcesBuildPhase;
			buildActionMask = 2147483647;
			files = (
				3FBAF0AC242DF42F00465272 /* SessionTableViewCell.xib in Resources */,
				3F51FAED242BD7EE005FFA0A /* PeopleTableViewCell.xib in Resources */,
				3F6632532429E30D00BF8F0F /* SessionInfoCollectionViewCell.xib in Resources */,
				3FBAF0A8242DEF6F00465272 /* AgendaTableViewCell.xib in Resources */,
				3F9E1CC724240C8200C7B6BE /* CreditTableViewCell.xib in Resources */,
				3F38A7C6241DF93F00FAEE4A /* LaunchScreen.storyboard in Resources */,
				BA1E7C03243683FB0045016C /* GoogleService-Info.plist in Resources */,
				3F38A7C3241DF93F00FAEE4A /* Assets.xcassets in Resources */,
				3F38A7BE241DF93E00FAEE4A /* Main.storyboard in Resources */,
			);
			runOnlyForDeploymentPostprocessing = 0;
		};
/* End PBXResourcesBuildPhase section */

/* Begin PBXShellScriptBuildPhase section */
		812DED37F68F2704A518ABE5 /* [CP] Check Pods Manifest.lock */ = {
			isa = PBXShellScriptBuildPhase;
			buildActionMask = 2147483647;
			files = (
			);
			inputFileListPaths = (
			);
			inputPaths = (
				"${PODS_PODFILE_DIR_PATH}/Podfile.lock",
				"${PODS_ROOT}/Manifest.lock",
			);
			name = "[CP] Check Pods Manifest.lock";
			outputFileListPaths = (
			);
			outputPaths = (
				"$(DERIVED_FILE_DIR)/Pods-HFTP-checkManifestLockResult.txt",
			);
			runOnlyForDeploymentPostprocessing = 0;
			shellPath = /bin/sh;
			shellScript = "diff \"${PODS_PODFILE_DIR_PATH}/Podfile.lock\" \"${PODS_ROOT}/Manifest.lock\" > /dev/null\nif [ $? != 0 ] ; then\n    # print error to STDERR\n    echo \"error: The sandbox is not in sync with the Podfile.lock. Run 'pod install' or update your CocoaPods installation.\" >&2\n    exit 1\nfi\n# This output is used by Xcode 'outputs' to avoid re-running this script phase.\necho \"SUCCESS\" > \"${SCRIPT_OUTPUT_FILE_0}\"\n";
			showEnvVarsInLog = 0;
		};
		8B8D24B83C0F5A1EC3041DDD /* [CP] Embed Pods Frameworks */ = {
			isa = PBXShellScriptBuildPhase;
			buildActionMask = 2147483647;
			files = (
			);
			inputFileListPaths = (
				"${PODS_ROOT}/Target Support Files/Pods-HFTP/Pods-HFTP-frameworks-${CONFIGURATION}-input-files.xcfilelist",
			);
			name = "[CP] Embed Pods Frameworks";
			outputFileListPaths = (
				"${PODS_ROOT}/Target Support Files/Pods-HFTP/Pods-HFTP-frameworks-${CONFIGURATION}-output-files.xcfilelist",
			);
			runOnlyForDeploymentPostprocessing = 0;
			shellPath = /bin/sh;
			shellScript = "\"${PODS_ROOT}/Target Support Files/Pods-HFTP/Pods-HFTP-frameworks.sh\"\n";
			showEnvVarsInLog = 0;
		};
/* End PBXShellScriptBuildPhase section */

/* Begin PBXSourcesBuildPhase section */
		3F38A7AF241DF93E00FAEE4A /* Sources */ = {
			isa = PBXSourcesBuildPhase;
			buildActionMask = 2147483647;
			files = (
				BAA70EC9242DADA000B4B969 /* SpinnerViewController.swift in Sources */,
				3FCD57552420A39000BD0963 /* SettingsEditViewController.swift in Sources */,
				12EE688B2424683E00207FC0 /* MyAgendaTableViewCell.swift in Sources */,
				3F9D13A3242BDE94002D2B76 /* People.swift in Sources */,
				3FC2CE0A24216EFD00E7CBCB /* Constants.swift in Sources */,
				3F51FB4B242C5EB7005FFA0A /* SessionInfoTableViewController.swift in Sources */,
				3F793E0C242C6AD20005CBF1 /* SpeakerInfoCollectionViewCell.swift in Sources */,
				3F38A7D1241E9B8900FAEE4A /* MyCreditViewController.swift in Sources */,
				3F9E1CC624240C8200C7B6BE /* CreditTableViewCell.swift in Sources */,
				3FC2CE0824216AAC00E7CBCB /* Attendee.swift in Sources */,
				3F51FB4D242C61A8005FFA0A /* CustomUIView.swift in Sources */,
				12EE687924240C8200207FC0 /* AgendaTableTableViewController.swift in Sources */,
				123B921C2445004E00BFF2F3 /* TableTabBarController.swift in Sources */,
				3F38A7B7241DF93E00FAEE4A /* AppDelegate.swift in Sources */,
				3F9E1CC32422EFD200C7B6BE /* SettingsPhoneViewController.swift in Sources */,
				3FC2CDFD2421693E00E7CBCB /* PeopleTableViewController.swift in Sources */,
				3F9E1CCD242420FB00C7B6BE /* PaddingLabel.swift in Sources */,
				BA1E7BFF24343D2F0045016C /* UpdateData.swift in Sources */,
				3F663255242A76A000BF8F0F /* RoundBorderImageView.swift in Sources */,
				3FC2CE1224229F3300E7CBCB /* SpeakerInfoViewController.swift in Sources */,
				3FC2CE0424216A4D00E7CBCB /* DataInitializer.swift in Sources */,
				3F51FAEF242BEB0E005FFA0A /* AttendeeInfoTableViewController.swift in Sources */,
				3F38A7D9241F584300FAEE4A /* Extensions.swift in Sources */,
				123889E82440335700960B9A /* CalendarAgendaViewController.swift in Sources */,
				3F51FAEC242BD7EE005FFA0A /* PeopleTableViewCell.swift in Sources */,
				3F38A7B9241DF93E00FAEE4A /* SceneDelegate.swift in Sources */,
				3F51FB4F242C61C6005FFA0A /* CustomButton.swift in Sources */,
				3F9D13A9242FD66F002D2B76 /* HelperFunctions.swift in Sources */,
				3FB7FFBF242DDBF800F7AE2F /* SessionAttendeeTableViewController.swift in Sources */,
				BAE4F11824252E1900607904 /* FetchData.swift in Sources */,
				3FCD574A24205F5B00BD0963 /* SettingsTableViewController.swift in Sources */,
				3F6CD667243E4F3D0020C0A9 /* CalendarStyleGenerator.swift in Sources */,
				3F9D13AD243FCA8A002D2B76 /* LoginViewController.swift in Sources */,
				3F38A7D5241E9BFB00FAEE4A /* HomeViewController.swift in Sources */,
				3FC2CE0624216A9F00E7CBCB /* Speaker.swift in Sources */,
				3F6CD66924403B000020C0A9 /* IntroductionViewController.swift in Sources */,
				12EE687D2424182000207FC0 /* Session.swift in Sources */,
				BA9B101F2443BB90005D4ECB /* ImagePickerController.swift in Sources */,
				3FBAF0AB242DF42F00465272 /* SessionTableViewCell.swift in Sources */,
				3F6632522429E30D00BF8F0F /* SessionInfoCollectionViewCell.swift in Sources */,
				12EE6883242456F900207FC0 /* SessionTableViewController.swift in Sources */,
				3FBAF0A7242DEF6F00465272 /* AgendaTableViewCell.swift in Sources */,
				3F38A7C1241DF93E00FAEE4A /* HFTP.xcdatamodeld in Sources */,
				12EE687B242417A400207FC0 /* Agenda.swift in Sources */,
				3F38A7D7241E9C7B00FAEE4A /* SideMenuTableViewController.swift in Sources */,
				12EE68852424570C00207FC0 /* MyAgendaTableViewController.swift in Sources */,
				123889EA2440F7CF00960B9A /* MyCalendarViewController.swift in Sources */,
			);
			runOnlyForDeploymentPostprocessing = 0;
		};
/* End PBXSourcesBuildPhase section */

/* Begin PBXVariantGroup section */
		3F38A7BC241DF93E00FAEE4A /* Main.storyboard */ = {
			isa = PBXVariantGroup;
			children = (
				3F38A7BD241DF93E00FAEE4A /* Base */,
			);
			name = Main.storyboard;
			sourceTree = "<group>";
		};
		3F38A7C4241DF93F00FAEE4A /* LaunchScreen.storyboard */ = {
			isa = PBXVariantGroup;
			children = (
				3F38A7C5241DF93F00FAEE4A /* Base */,
			);
			name = LaunchScreen.storyboard;
			sourceTree = "<group>";
		};
/* End PBXVariantGroup section */

/* Begin XCBuildConfiguration section */
		3F38A7C8241DF93F00FAEE4A /* Debug */ = {
			isa = XCBuildConfiguration;
			buildSettings = {
				ALWAYS_SEARCH_USER_PATHS = NO;
				CLANG_ANALYZER_NONNULL = YES;
				CLANG_ANALYZER_NUMBER_OBJECT_CONVERSION = YES_AGGRESSIVE;
				CLANG_CXX_LANGUAGE_STANDARD = "gnu++14";
				CLANG_CXX_LIBRARY = "libc++";
				CLANG_ENABLE_MODULES = YES;
				CLANG_ENABLE_OBJC_ARC = YES;
				CLANG_ENABLE_OBJC_WEAK = YES;
				CLANG_WARN_BLOCK_CAPTURE_AUTORELEASING = YES;
				CLANG_WARN_BOOL_CONVERSION = YES;
				CLANG_WARN_COMMA = YES;
				CLANG_WARN_CONSTANT_CONVERSION = YES;
				CLANG_WARN_DEPRECATED_OBJC_IMPLEMENTATIONS = YES;
				CLANG_WARN_DIRECT_OBJC_ISA_USAGE = YES_ERROR;
				CLANG_WARN_DOCUMENTATION_COMMENTS = YES;
				CLANG_WARN_EMPTY_BODY = YES;
				CLANG_WARN_ENUM_CONVERSION = YES;
				CLANG_WARN_INFINITE_RECURSION = YES;
				CLANG_WARN_INT_CONVERSION = YES;
				CLANG_WARN_NON_LITERAL_NULL_CONVERSION = YES;
				CLANG_WARN_OBJC_IMPLICIT_RETAIN_SELF = YES;
				CLANG_WARN_OBJC_LITERAL_CONVERSION = YES;
				CLANG_WARN_OBJC_ROOT_CLASS = YES_ERROR;
				CLANG_WARN_RANGE_LOOP_ANALYSIS = YES;
				CLANG_WARN_STRICT_PROTOTYPES = YES;
				CLANG_WARN_SUSPICIOUS_MOVE = YES;
				CLANG_WARN_UNGUARDED_AVAILABILITY = YES_AGGRESSIVE;
				CLANG_WARN_UNREACHABLE_CODE = YES;
				CLANG_WARN__DUPLICATE_METHOD_MATCH = YES;
				COPY_PHASE_STRIP = NO;
				DEBUG_INFORMATION_FORMAT = dwarf;
				ENABLE_STRICT_OBJC_MSGSEND = YES;
				ENABLE_TESTABILITY = YES;
				GCC_C_LANGUAGE_STANDARD = gnu11;
				GCC_DYNAMIC_NO_PIC = NO;
				GCC_NO_COMMON_BLOCKS = YES;
				GCC_OPTIMIZATION_LEVEL = 0;
				GCC_PREPROCESSOR_DEFINITIONS = (
					"DEBUG=1",
					"$(inherited)",
				);
				GCC_WARN_64_TO_32_BIT_CONVERSION = YES;
				GCC_WARN_ABOUT_RETURN_TYPE = YES_ERROR;
				GCC_WARN_UNDECLARED_SELECTOR = YES;
				GCC_WARN_UNINITIALIZED_AUTOS = YES_AGGRESSIVE;
				GCC_WARN_UNUSED_FUNCTION = YES;
				GCC_WARN_UNUSED_VARIABLE = YES;
				IPHONEOS_DEPLOYMENT_TARGET = 13.2;
				MTL_ENABLE_DEBUG_INFO = INCLUDE_SOURCE;
				MTL_FAST_MATH = YES;
				ONLY_ACTIVE_ARCH = YES;
				SDKROOT = iphoneos;
				SWIFT_ACTIVE_COMPILATION_CONDITIONS = DEBUG;
				SWIFT_OPTIMIZATION_LEVEL = "-Onone";
			};
			name = Debug;
		};
		3F38A7C9241DF93F00FAEE4A /* Release */ = {
			isa = XCBuildConfiguration;
			buildSettings = {
				ALWAYS_SEARCH_USER_PATHS = NO;
				CLANG_ANALYZER_NONNULL = YES;
				CLANG_ANALYZER_NUMBER_OBJECT_CONVERSION = YES_AGGRESSIVE;
				CLANG_CXX_LANGUAGE_STANDARD = "gnu++14";
				CLANG_CXX_LIBRARY = "libc++";
				CLANG_ENABLE_MODULES = YES;
				CLANG_ENABLE_OBJC_ARC = YES;
				CLANG_ENABLE_OBJC_WEAK = YES;
				CLANG_WARN_BLOCK_CAPTURE_AUTORELEASING = YES;
				CLANG_WARN_BOOL_CONVERSION = YES;
				CLANG_WARN_COMMA = YES;
				CLANG_WARN_CONSTANT_CONVERSION = YES;
				CLANG_WARN_DEPRECATED_OBJC_IMPLEMENTATIONS = YES;
				CLANG_WARN_DIRECT_OBJC_ISA_USAGE = YES_ERROR;
				CLANG_WARN_DOCUMENTATION_COMMENTS = YES;
				CLANG_WARN_EMPTY_BODY = YES;
				CLANG_WARN_ENUM_CONVERSION = YES;
				CLANG_WARN_INFINITE_RECURSION = YES;
				CLANG_WARN_INT_CONVERSION = YES;
				CLANG_WARN_NON_LITERAL_NULL_CONVERSION = YES;
				CLANG_WARN_OBJC_IMPLICIT_RETAIN_SELF = YES;
				CLANG_WARN_OBJC_LITERAL_CONVERSION = YES;
				CLANG_WARN_OBJC_ROOT_CLASS = YES_ERROR;
				CLANG_WARN_RANGE_LOOP_ANALYSIS = YES;
				CLANG_WARN_STRICT_PROTOTYPES = YES;
				CLANG_WARN_SUSPICIOUS_MOVE = YES;
				CLANG_WARN_UNGUARDED_AVAILABILITY = YES_AGGRESSIVE;
				CLANG_WARN_UNREACHABLE_CODE = YES;
				CLANG_WARN__DUPLICATE_METHOD_MATCH = YES;
				COPY_PHASE_STRIP = NO;
				DEBUG_INFORMATION_FORMAT = "dwarf-with-dsym";
				ENABLE_NS_ASSERTIONS = NO;
				ENABLE_STRICT_OBJC_MSGSEND = YES;
				GCC_C_LANGUAGE_STANDARD = gnu11;
				GCC_NO_COMMON_BLOCKS = YES;
				GCC_WARN_64_TO_32_BIT_CONVERSION = YES;
				GCC_WARN_ABOUT_RETURN_TYPE = YES_ERROR;
				GCC_WARN_UNDECLARED_SELECTOR = YES;
				GCC_WARN_UNINITIALIZED_AUTOS = YES_AGGRESSIVE;
				GCC_WARN_UNUSED_FUNCTION = YES;
				GCC_WARN_UNUSED_VARIABLE = YES;
				IPHONEOS_DEPLOYMENT_TARGET = 13.2;
				MTL_ENABLE_DEBUG_INFO = NO;
				MTL_FAST_MATH = YES;
				SDKROOT = iphoneos;
				SWIFT_COMPILATION_MODE = wholemodule;
				SWIFT_OPTIMIZATION_LEVEL = "-O";
				VALIDATE_PRODUCT = YES;
			};
			name = Release;
		};
		3F38A7CB241DF93F00FAEE4A /* Debug */ = {
			isa = XCBuildConfiguration;
			baseConfigurationReference = FD9DC3FA65C5BFE39515ED3D /* Pods-HFTP.debug.xcconfig */;
			buildSettings = {
				ASSETCATALOG_COMPILER_APPICON_NAME = AppIcon;
				CODE_SIGN_STYLE = Automatic;
				DEVELOPMENT_TEAM = U6J58C8CJT;
				INFOPLIST_FILE = HFTP/Info.plist;
				LD_RUNPATH_SEARCH_PATHS = (
					"$(inherited)",
					"@executable_path/Frameworks",
				);
				PRODUCT_BUNDLE_IDENTIFIER = com.ece564.HFTP;
				PRODUCT_NAME = "$(TARGET_NAME)";
				SWIFT_VERSION = 5.0;
				TARGETED_DEVICE_FAMILY = "1,2";
			};
			name = Debug;
		};
		3F38A7CC241DF93F00FAEE4A /* Release */ = {
			isa = XCBuildConfiguration;
			baseConfigurationReference = 56D6A80CE8DC070912D808FD /* Pods-HFTP.release.xcconfig */;
			buildSettings = {
				ASSETCATALOG_COMPILER_APPICON_NAME = AppIcon;
				CODE_SIGN_STYLE = Automatic;
				DEVELOPMENT_TEAM = U6J58C8CJT;
				INFOPLIST_FILE = HFTP/Info.plist;
				LD_RUNPATH_SEARCH_PATHS = (
					"$(inherited)",
					"@executable_path/Frameworks",
				);
				PRODUCT_BUNDLE_IDENTIFIER = com.ece564.HFTP;
				PRODUCT_NAME = "$(TARGET_NAME)";
				SWIFT_VERSION = 5.0;
				TARGETED_DEVICE_FAMILY = "1,2";
			};
			name = Release;
		};
/* End XCBuildConfiguration section */

/* Begin XCConfigurationList section */
		3F38A7AE241DF93E00FAEE4A /* Build configuration list for PBXProject "HFTP" */ = {
			isa = XCConfigurationList;
			buildConfigurations = (
				3F38A7C8241DF93F00FAEE4A /* Debug */,
				3F38A7C9241DF93F00FAEE4A /* Release */,
			);
			defaultConfigurationIsVisible = 0;
			defaultConfigurationName = Release;
		};
		3F38A7CA241DF93F00FAEE4A /* Build configuration list for PBXNativeTarget "HFTP" */ = {
			isa = XCConfigurationList;
			buildConfigurations = (
				3F38A7CB241DF93F00FAEE4A /* Debug */,
				3F38A7CC241DF93F00FAEE4A /* Release */,
			);
			defaultConfigurationIsVisible = 0;
			defaultConfigurationName = Release;
		};
/* End XCConfigurationList section */

/* Begin XCVersionGroup section */
		3F38A7BF241DF93E00FAEE4A /* HFTP.xcdatamodeld */ = {
			isa = XCVersionGroup;
			children = (
				3F38A7C0241DF93E00FAEE4A /* HFTP.xcdatamodel */,
			);
			currentVersion = 3F38A7C0241DF93E00FAEE4A /* HFTP.xcdatamodel */;
			path = HFTP.xcdatamodeld;
			sourceTree = "<group>";
			versionGroupType = wrapper.xcdatamodel;
		};
/* End XCVersionGroup section */
	};
	rootObject = 3F38A7AB241DF93E00FAEE4A /* Project object */;
}
